
Microsoft Visual Studio Solution File, Format Version 12.00
# Visual Studio Version 17
VisualStudioVersion = 17.10.35004.147
MinimumVisualStudioVersion = 10.0.40219.1
Project("{FAE04EC0-301F-11D3-BF4B-00C04F79EFBC}") = "Sales.Shared", "Sales.Shared\Sales.Shared.csproj", "{D47D91E4-B96D-44E4-BB9A-F74992A70192}"
EndProject
Project("{FAE04EC0-301F-11D3-BF4B-00C04F79EFBC}") = "Sales.API", "Sales.API\Sales.API.csproj", "{5F3C4F7F-669A-4283-8B69-D76464797730}"
EndProject
Project("{FAE04EC0-301F-11D3-BF4B-00C04F79EFBC}") = "Sales.WEB", "Sales.WEB\Sales.WEB.csproj", "{7952109B-714E-4383-BC37-793D8066F2A8}"
EndProject
Project("{FAE04EC0-301F-11D3-BF4B-00C04F79EFBC}") = "Sales.Mobile", "Sales.Mobile\Sales.Mobile.csproj", "{AAD51E43-B609-422D-A949-41C15980A12C}"
EndProject
Global
	GlobalSection(SolutionConfigurationPlatforms) = preSolution
		Debug|Any CPU = Debug|Any CPU
		Release|Any CPU = Release|Any CPU
	EndGlobalSection
	GlobalSection(ProjectConfigurationPlatforms) = postSolution
		{D47D91E4-B96D-44E4-BB9A-F74992A70192}.Debug|Any CPU.ActiveCfg = Debug|Any CPU
		{D47D91E4-B96D-44E4-BB9A-F74992A70192}.Debug|Any CPU.Build.0 = Debug|Any CPU
		{D47D91E4-B96D-44E4-BB9A-F74992A70192}.Release|Any CPU.ActiveCfg = Release|Any CPU
		{D47D91E4-B96D-44E4-BB9A-F74992A70192}.Release|Any CPU.Build.0 = Release|Any CPU
		{5F3C4F7F-669A-4283-8B69-D76464797730}.Debug|Any CPU.ActiveCfg = Debug|Any CPU
		{5F3C4F7F-669A-4283-8B69-D76464797730}.Debug|Any CPU.Build.0 = Debug|Any CPU
		{5F3C4F7F-669A-4283-8B69-D76464797730}.Release|Any CPU.ActiveCfg = Release|Any CPU
		{5F3C4F7F-669A-4283-8B69-D76464797730}.Release|Any CPU.Build.0 = Release|Any CPU
		{7952109B-714E-4383-BC37-793D8066F2A8}.Debug|Any CPU.ActiveCfg = Debug|Any CPU
		{7952109B-714E-4383-BC37-793D8066F2A8}.Debug|Any CPU.Build.0 = Debug|Any CPU
		{7952109B-714E-4383-BC37-793D8066F2A8}.Release|Any CPU.ActiveCfg = Release|Any CPU
		{7952109B-714E-4383-BC37-793D8066F2A8}.Release|Any CPU.Build.0 = Release|Any CPU
		{AAD51E43-B609-422D-A949-41C15980A12C}.Debug|Any CPU.ActiveCfg = Debug|Any CPU
		{AAD51E43-B609-422D-A949-41C15980A12C}.Debug|Any CPU.Build.0 = Debug|Any CPU
		{AAD51E43-B609-422D-A949-41C15980A12C}.Debug|Any CPU.Deploy.0 = Debug|Any CPU
		{AAD51E43-B609-422D-A949-41C15980A12C}.Release|Any CPU.ActiveCfg = Release|Any CPU
		{AAD51E43-B609-422D-A949-41C15980A12C}.Release|Any CPU.Build.0 = Release|Any CPU
		{AAD51E43-B609-422D-A949-41C15980A12C}.Release|Any CPU.Deploy.0 = Release|Any CPU
	EndGlobalSection
	GlobalSection(SolutionProperties) = preSolution
		HideSolutionNode = FALSE
	EndGlobalSection
	GlobalSection(ExtensibilityGlobals) = postSolution
		SolutionGuid = {A05DB7E7-986D-4533-BDB0-1828E2500D39}
	EndGlobalSection
EndGlobal
